
Microsoft Visual Studio Solution File, Format Version 12.00
# Visual Studio Version 17
VisualStudioVersion = 17.0.31903.59
MinimumVisualStudioVersion = 10.0.40219.1
Project("{2150E333-8FDC-42A3-9474-1A3956D46DE8}") = "src", "src", "{827E0CD3-B72D-47B6-A68D-7590B98EB39B}"
EndProject
Project("{FAE04EC0-301F-11D3-BF4B-00C04F79EFBC}") = "FcHelper.Analysis", "src\FcHelper.Analysis\FcHelper.Analysis.csproj", "{5D20A763-617A-4DD7-B841-DF4B9CC3C39B}"
EndProject
Project("{FAE04EC0-301F-11D3-BF4B-00C04F79EFBC}") = "FcHelper.App", "src\FcHelper.App\FcHelper.App.csproj", "{4FC37FF6-C5D3-4BB9-A7EA-7FC1FD923F11}"
EndProject
Project("{FAE04EC0-301F-11D3-BF4B-00C04F79EFBC}") = "FcHelper.Cli", "src\FcHelper.Cli\FcHelper.Cli.csproj", "{73E855C6-81EE-4280-9222-E119FBBCC6BF}"
EndProject
Project("{FAE04EC0-301F-11D3-BF4B-00C04F79EFBC}") = "FcHelper.Core", "src\FcHelper.Core\FcHelper.Core.csproj", "{81D5203F-173E-417E-9508-375E7B27A83F}"
EndProject
Project("{FAE04EC0-301F-11D3-BF4B-00C04F79EFBC}") = "FcHelper.Data", "src\FcHelper.Data\FcHelper.Data.csproj", "{2E023E74-7591-43B0-A8BC-472062005EBD}"
EndProject
Project("{FAE04EC0-301F-11D3-BF4B-00C04F79EFBC}") = "FcHelper.NexonApi", "src\FcHelper.NexonApi\FcHelper.NexonApi.csproj", "{4B28B625-EFED-46E5-B7D2-2417B7EBB160}"
EndProject
Project("{FAE04EC0-301F-11D3-BF4B-00C04F79EFBC}") = "FcHelper.Services", "src\FcHelper.Services\FcHelper.Services.csproj", "{2DE75536-61C6-4CE4-9682-C4BA2A2225D3}"
EndProject
Project("{2150E333-8FDC-42A3-9474-1A3956D46DE8}") = "tests", "tests", "{0AB3BF05-4346-4AA6-1389-037BE0695223}"
EndProject
Project("{FAE04EC0-301F-11D3-BF4B-00C04F79EFBC}") = "FcHelper.Tests", "tests\FcHelper.Tests\FcHelper.Tests.csproj", "{A8D1B659-0F27-4784-A008-96EFA1E43053}"
EndProject
Project("{FAE04EC0-301F-11D3-BF4B-00C04F79EFBC}") = "FcHelper.Vision", "src\FcHelper.Vision\FcHelper.Vision.csproj", "{717638D8-2A1C-4485-9CC9-07C631134982}"
EndProject
Global
	GlobalSection(SolutionConfigurationPlatforms) = preSolution
		Debug|Any CPU = Debug|Any CPU
		Debug|x64 = Debug|x64
		Debug|x86 = Debug|x86
		Release|Any CPU = Release|Any CPU
		Release|x64 = Release|x64
		Release|x86 = Release|x86
	EndGlobalSection
	GlobalSection(ProjectConfigurationPlatforms) = postSolution
		{5D20A763-617A-4DD7-B841-DF4B9CC3C39B}.Debug|Any CPU.ActiveCfg = Debug|Any CPU
		{5D20A763-617A-4DD7-B841-DF4B9CC3C39B}.Debug|Any CPU.Build.0 = Debug|Any CPU
		{5D20A763-617A-4DD7-B841-DF4B9CC3C39B}.Debug|x64.ActiveCfg = Debug|Any CPU
		{5D20A763-617A-4DD7-B841-DF4B9CC3C39B}.Debug|x64.Build.0 = Debug|Any CPU
		{5D20A763-617A-4DD7-B841-DF4B9CC3C39B}.Debug|x86.ActiveCfg = Debug|Any CPU
		{5D20A763-617A-4DD7-B841-DF4B9CC3C39B}.Debug|x86.Build.0 = Debug|Any CPU
		{5D20A763-617A-4DD7-B841-DF4B9CC3C39B}.Release|Any CPU.ActiveCfg = Release|Any CPU
		{5D20A763-617A-4DD7-B841-DF4B9CC3C39B}.Release|Any CPU.Build.0 = Release|Any CPU
		{5D20A763-617A-4DD7-B841-DF4B9CC3C39B}.Release|x64.ActiveCfg = Release|Any CPU
		{5D20A763-617A-4DD7-B841-DF4B9CC3C39B}.Release|x64.Build.0 = Release|Any CPU
		{5D20A763-617A-4DD7-B841-DF4B9CC3C39B}.Release|x86.ActiveCfg = Release|Any CPU
		{5D20A763-617A-4DD7-B841-DF4B9CC3C39B}.Release|x86.Build.0 = Release|Any CPU
		{4FC37FF6-C5D3-4BB9-A7EA-7FC1FD923F11}.Debug|Any CPU.ActiveCfg = Debug|Any CPU
		{4FC37FF6-C5D3-4BB9-A7EA-7FC1FD923F11}.Debug|Any CPU.Build.0 = Debug|Any CPU
		{4FC37FF6-C5D3-4BB9-A7EA-7FC1FD923F11}.Debug|x64.ActiveCfg = Debug|Any CPU
		{4FC37FF6-C5D3-4BB9-A7EA-7FC1FD923F11}.Debug|x64.Build.0 = Debug|Any CPU
		{4FC37FF6-C5D3-4BB9-A7EA-7FC1FD923F11}.Debug|x86.ActiveCfg = Debug|Any CPU
		{4FC37FF6-C5D3-4BB9-A7EA-7FC1FD923F11}.Debug|x86.Build.0 = Debug|Any CPU
		{4FC37FF6-C5D3-4BB9-A7EA-7FC1FD923F11}.Release|Any CPU.ActiveCfg = Release|Any CPU
		{4FC37FF6-C5D3-4BB9-A7EA-7FC1FD923F11}.Release|Any CPU.Build.0 = Release|Any CPU
		{4FC37FF6-C5D3-4BB9-A7EA-7FC1FD923F11}.Release|x64.ActiveCfg = Release|Any CPU
		{4FC37FF6-C5D3-4BB9-A7EA-7FC1FD923F11}.Release|x64.Build.0 = Release|Any CPU
		{4FC37FF6-C5D3-4BB9-A7EA-7FC1FD923F11}.Release|x86.ActiveCfg = Release|Any CPU
		{4FC37FF6-C5D3-4BB9-A7EA-7FC1FD923F11}.Release|x86.Build.0 = Release|Any CPU
		{73E855C6-81EE-4280-9222-E119FBBCC6BF}.Debug|Any CPU.ActiveCfg = Debug|Any CPU
		{73E855C6-81EE-4280-9222-E119FBBCC6BF}.Debug|Any CPU.Build.0 = Debug|Any CPU
		{73E855C6-81EE-4280-9222-E119FBBCC6BF}.Debug|x64.ActiveCfg = Debug|Any CPU
		{73E855C6-81EE-4280-9222-E119FBBCC6BF}.Debug|x64.Build.0 = Debug|Any CPU
		{73E855C6-81EE-4280-9222-E119FBBCC6BF}.Debug|x86.ActiveCfg = Debug|Any CPU
		{73E855C6-81EE-4280-9222-E119FBBCC6BF}.Debug|x86.Build.0 = Debug|Any CPU
		{73E855C6-81EE-4280-9222-E119FBBCC6BF}.Release|Any CPU.ActiveCfg = Release|Any CPU
		{73E855C6-81EE-4280-9222-E119FBBCC6BF}.Release|Any CPU.Build.0 = Release|Any CPU
		{73E855C6-81EE-4280-9222-E119FBBCC6BF}.Release|x64.ActiveCfg = Release|Any CPU
		{73E855C6-81EE-4280-9222-E119FBBCC6BF}.Release|x64.Build.0 = Release|Any CPU
		{73E855C6-81EE-4280-9222-E119FBBCC6BF}.Release|x86.ActiveCfg = Release|Any CPU
		{73E855C6-81EE-4280-9222-E119FBBCC6BF}.Release|x86.Build.0 = Release|Any CPU
		{81D5203F-173E-417E-9508-375E7B27A83F}.Debug|Any CPU.ActiveCfg = Debug|Any CPU
		{81D5203F-173E-417E-9508-375E7B27A83F}.Debug|Any CPU.Build.0 = Debug|Any CPU
		{81D5203F-173E-417E-9508-375E7B27A83F}.Debug|x64.ActiveCfg = Debug|Any CPU
		{81D5203F-173E-417E-9508-375E7B27A83F}.Debug|x64.Build.0 = Debug|Any CPU
		{81D5203F-173E-417E-9508-375E7B27A83F}.Debug|x86.ActiveCfg = Debug|Any CPU
		{81D5203F-173E-417E-9508-375E7B27A83F}.Debug|x86.Build.0 = Debug|Any CPU
		{81D5203F-173E-417E-9508-375E7B27A83F}.Release|Any CPU.ActiveCfg = Release|Any CPU
		{81D5203F-173E-417E-9508-375E7B27A83F}.Release|Any CPU.Build.0 = Release|Any CPU
		{81D5203F-173E-417E-9508-375E7B27A83F}.Release|x64.ActiveCfg = Release|Any CPU
		{81D5203F-173E-417E-9508-375E7B27A83F}.Release|x64.Build.0 = Release|Any CPU
		{81D5203F-173E-417E-9508-375E7B27A83F}.Release|x86.ActiveCfg = Release|Any CPU
		{81D5203F-173E-417E-9508-375E7B27A83F}.Release|x86.Build.0 = Release|Any CPU
		{2E023E74-7591-43B0-A8BC-472062005EBD}.Debug|Any CPU.ActiveCfg = Debug|Any CPU
		{2E023E74-7591-43B0-A8BC-472062005EBD}.Debug|Any CPU.Build.0 = Debug|Any CPU
		{2E023E74-7591-43B0-A8BC-472062005EBD}.Debug|x64.ActiveCfg = Debug|Any CPU
		{2E023E74-7591-43B0-A8BC-472062005EBD}.Debug|x64.Build.0 = Debug|Any CPU
		{2E023E74-7591-43B0-A8BC-472062005EBD}.Debug|x86.ActiveCfg = Debug|Any CPU
		{2E023E74-7591-43B0-A8BC-472062005EBD}.Debug|x86.Build.0 = Debug|Any CPU
		{2E023E74-7591-43B0-A8BC-472062005EBD}.Release|Any CPU.ActiveCfg = Release|Any CPU
		{2E023E74-7591-43B0-A8BC-472062005EBD}.Release|Any CPU.Build.0 = Release|Any CPU
		{2E023E74-7591-43B0-A8BC-472062005EBD}.Release|x64.ActiveCfg = Release|Any CPU
		{2E023E74-7591-43B0-A8BC-472062005EBD}.Release|x64.Build.0 = Release|Any CPU
		{2E023E74-7591-43B0-A8BC-472062005EBD}.Release|x86.ActiveCfg = Release|Any CPU
		{2E023E74-7591-43B0-A8BC-472062005EBD}.Release|x86.Build.0 = Release|Any CPU
		{4B28B625-EFED-46E5-B7D2-2417B7EBB160}.Debug|Any CPU.ActiveCfg = Debug|Any CPU
		{4B28B625-EFED-46E5-B7D2-2417B7EBB160}.Debug|Any CPU.Build.0 = Debug|Any CPU
		{4B28B625-EFED-46E5-B7D2-2417B7EBB160}.Debug|x64.ActiveCfg = Debug|Any CPU
		{4B28B625-EFED-46E5-B7D2-2417B7EBB160}.Debug|x64.Build.0 = Debug|Any CPU
		{4B28B625-EFED-46E5-B7D2-2417B7EBB160}.Debug|x86.ActiveCfg = Debug|Any CPU
		{4B28B625-EFED-46E5-B7D2-2417B7EBB160}.Debug|x86.Build.0 = Debug|Any CPU
		{4B28B625-EFED-46E5-B7D2-2417B7EBB160}.Release|Any CPU.ActiveCfg = Release|Any CPU
		{4B28B625-EFED-46E5-B7D2-2417B7EBB160}.Release|Any CPU.Build.0 = Release|Any CPU
		{4B28B625-EFED-46E5-B7D2-2417B7EBB160}.Release|x64.ActiveCfg = Release|Any CPU
		{4B28B625-EFED-46E5-B7D2-2417B7EBB160}.Release|x64.Build.0 = Release|Any CPU
		{4B28B625-EFED-46E5-B7D2-2417B7EBB160}.Release|x86.ActiveCfg = Release|Any CPU
		{4B28B625-EFED-46E5-B7D2-2417B7EBB160}.Release|x86.Build.0 = Release|Any CPU
		{2DE75536-61C6-4CE4-9682-C4BA2A2225D3}.Debug|Any CPU.ActiveCfg = Debug|Any CPU
		{2DE75536-61C6-4CE4-9682-C4BA2A2225D3}.Debug|Any CPU.Build.0 = Debug|Any CPU
		{2DE75536-61C6-4CE4-9682-C4BA2A2225D3}.Debug|x64.ActiveCfg = Debug|Any CPU
		{2DE75536-61C6-4CE4-9682-C4BA2A2225D3}.Debug|x64.Build.0 = Debug|Any CPU
		{2DE75536-61C6-4CE4-9682-C4BA2A2225D3}.Debug|x86.ActiveCfg = Debug|Any CPU
		{2DE75536-61C6-4CE4-9682-C4BA2A2225D3}.Debug|x86.Build.0 = Debug|Any CPU
		{2DE75536-61C6-4CE4-9682-C4BA2A2225D3}.Release|Any CPU.ActiveCfg = Release|Any CPU
		{2DE75536-61C6-4CE4-9682-C4BA2A2225D3}.Release|Any CPU.Build.0 = Release|Any CPU
		{2DE75536-61C6-4CE4-9682-C4BA2A2225D3}.Release|x64.ActiveCfg = Release|Any CPU
		{2DE75536-61C6-4CE4-9682-C4BA2A2225D3}.Release|x64.Build.0 = Release|Any CPU
		{2DE75536-61C6-4CE4-9682-C4BA2A2225D3}.Release|x86.ActiveCfg = Release|Any CPU
		{2DE75536-61C6-4CE4-9682-C4BA2A2225D3}.Release|x86.Build.0 = Release|Any CPU
		{A8D1B659-0F27-4784-A008-96EFA1E43053}.Debug|Any CPU.ActiveCfg = Debug|Any CPU
		{A8D1B659-0F27-4784-A008-96EFA1E43053}.Debug|Any CPU.Build.0 = Debug|Any CPU
		{A8D1B659-0F27-4784-A008-96EFA1E43053}.Debug|x64.ActiveCfg = Debug|Any CPU
		{A8D1B659-0F27-4784-A008-96EFA1E43053}.Debug|x64.Build.0 = Debug|Any CPU
		{A8D1B659-0F27-4784-A008-96EFA1E43053}.Debug|x86.ActiveCfg = Debug|Any CPU
		{A8D1B659-0F27-4784-A008-96EFA1E43053}.Debug|x86.Build.0 = Debug|Any CPU
		{A8D1B659-0F27-4784-A008-96EFA1E43053}.Release|Any CPU.ActiveCfg = Release|Any CPU
		{A8D1B659-0F27-4784-A008-96EFA1E43053}.Release|Any CPU.Build.0 = Release|Any CPU
		{A8D1B659-0F27-4784-A008-96EFA1E43053}.Release|x64.ActiveCfg = Release|Any CPU
		{A8D1B659-0F27-4784-A008-96EFA1E43053}.Release|x64.Build.0 = Release|Any CPU
		{A8D1B659-0F27-4784-A008-96EFA1E43053}.Release|x86.ActiveCfg = Release|Any CPU
		{A8D1B659-0F27-4784-A008-96EFA1E43053}.Release|x86.Build.0 = Release|Any CPU
		{717638D8-2A1C-4485-9CC9-07C631134982}.Debug|Any CPU.ActiveCfg = Debug|Any CPU
		{717638D8-2A1C-4485-9CC9-07C631134982}.Debug|Any CPU.Build.0 = Debug|Any CPU
		{717638D8-2A1C-4485-9CC9-07C631134982}.Debug|x64.ActiveCfg = Debug|Any CPU
		{717638D8-2A1C-4485-9CC9-07C631134982}.Debug|x64.Build.0 = Debug|Any CPU
		{717638D8-2A1C-4485-9CC9-07C631134982}.Debug|x86.ActiveCfg = Debug|Any CPU
		{717638D8-2A1C-4485-9CC9-07C631134982}.Debug|x86.Build.0 = Debug|Any CPU
		{717638D8-2A1C-4485-9CC9-07C631134982}.Release|Any CPU.ActiveCfg = Release|Any CPU
		{717638D8-2A1C-4485-9CC9-07C631134982}.Release|Any CPU.Build.0 = Release|Any CPU
		{717638D8-2A1C-4485-9CC9-07C631134982}.Release|x64.ActiveCfg = Release|Any CPU
		{717638D8-2A1C-4485-9CC9-07C631134982}.Release|x64.Build.0 = Release|Any CPU
		{717638D8-2A1C-4485-9CC9-07C631134982}.Release|x86.ActiveCfg = Release|Any CPU
		{717638D8-2A1C-4485-9CC9-07C631134982}.Release|x86.Build.0 = Release|Any CPU
	EndGlobalSection
	GlobalSection(SolutionProperties) = preSolution
		HideSolutionNode = FALSE
	EndGlobalSection
	GlobalSection(NestedProjects) = preSolution
		{5D20A763-617A-4DD7-B841-DF4B9CC3C39B} = {827E0CD3-B72D-47B6-A68D-7590B98EB39B}
		{4FC37FF6-C5D3-4BB9-A7EA-7FC1FD923F11} = {827E0CD3-B72D-47B6-A68D-7590B98EB39B}
		{73E855C6-81EE-4280-9222-E119FBBCC6BF} = {827E0CD3-B72D-47B6-A68D-7590B98EB39B}
		{81D5203F-173E-417E-9508-375E7B27A83F} = {827E0CD3-B72D-47B6-A68D-7590B98EB39B}
		{2E023E74-7591-43B0-A8BC-472062005EBD} = {827E0CD3-B72D-47B6-A68D-7590B98EB39B}
		{4B28B625-EFED-46E5-B7D2-2417B7EBB160} = {827E0CD3-B72D-47B6-A68D-7590B98EB39B}
		{2DE75536-61C6-4CE4-9682-C4BA2A2225D3} = {827E0CD3-B72D-47B6-A68D-7590B98EB39B}
		{A8D1B659-0F27-4784-A008-96EFA1E43053} = {0AB3BF05-4346-4AA6-1389-037BE0695223}
		{717638D8-2A1C-4485-9CC9-07C631134982} = {827E0CD3-B72D-47B6-A68D-7590B98EB39B}
	EndGlobalSection
EndGlobal
